Microsoft Visual Studio Solution File, Format Version 12.00
# Visual Studio Version 16
VisualStudioVersion = 16.0.29215.179
MinimumVisualStudioVersion = 10.0.40219.1
Project("{9A19103F-16F7-4668-BE54-9A1E7A4F7556}") = "Gta5Platinum.Server", "Gta5Platinum.Server.csproj", "{C1EBAF79-F448-4AB0-B374-E690B35278EC}"
EndProject
Project("{9A19103F-16F7-4668-BE54-9A1E7A4F7556}") = "Gta5Platinum.DataAccess", "db\Gta5Platinum.DataAccess.csproj", "{248CC820-BB7C-4DE5-9289-4C96BB85736C}"
EndProject
Project("{9A19103F-16F7-4668-BE54-9A1E7A4F7556}") = "Gta5Platinum.Client", "..\..\..\gta5platinum-client\Gta5Platinum.Client.csproj", "{902CC00E-5C92-48F5-B5B6-1C5C809F30D2}"
EndProject
Project("{9A19103F-16F7-4668-BE54-9A1E7A4F7556}") = "ClientSharp", "..\..\..\client_packages\cs_packages\ClientSharp\ClientSharp.csproj", "{212FE398-B746-4D56-B335-74876DED9EFF}"
EndProject
Global
	GlobalSection(SolutionConfigurationPlatforms) = preSolution
		Debug|Any CPU = Debug|Any CPU
		Release|Any CPU = Release|Any CPU
	EndGlobalSection
	GlobalSection(ProjectConfigurationPlatforms) = postSolution
		{C1EBAF79-F448-4AB0-B374-E690B35278EC}.Debug|Any CPU.ActiveCfg = Debug|Any CPU
		{C1EBAF79-F448-4AB0-B374-E690B35278EC}.Debug|Any CPU.Build.0 = Debug|Any CPU
		{C1EBAF79-F448-4AB0-B374-E690B35278EC}.Release|Any CPU.ActiveCfg = Release|Any CPU
		{C1EBAF79-F448-4AB0-B374-E690B35278EC}.Release|Any CPU.Build.0 = Release|Any CPU
		{248CC820-BB7C-4DE5-9289-4C96BB85736C}.Debug|Any CPU.ActiveCfg = Debug|Any CPU
		{248CC820-BB7C-4DE5-9289-4C96BB85736C}.Debug|Any CPU.Build.0 = Debug|Any CPU
		{248CC820-BB7C-4DE5-9289-4C96BB85736C}.Release|Any CPU.ActiveCfg = Release|Any CPU
		{248CC820-BB7C-4DE5-9289-4C96BB85736C}.Release|Any CPU.Build.0 = Release|Any CPU
		{902CC00E-5C92-48F5-B5B6-1C5C809F30D2}.Debug|Any CPU.ActiveCfg = Debug|Any CPU
		{902CC00E-5C92-48F5-B5B6-1C5C809F30D2}.Debug|Any CPU.Build.0 = Debug|Any CPU
		{902CC00E-5C92-48F5-B5B6-1C5C809F30D2}.Release|Any CPU.ActiveCfg = Release|Any CPU
		{902CC00E-5C92-48F5-B5B6-1C5C809F30D2}.Release|Any CPU.Build.0 = Release|Any CPU
		{212FE398-B746-4D56-B335-74876DED9EFF}.Debug|Any CPU.ActiveCfg = Debug|Any CPU
		{212FE398-B746-4D56-B335-74876DED9EFF}.Release|Any CPU.ActiveCfg = Release|Any CPU
		{212FE398-B746-4D56-B335-74876DED9EFF}.Release|Any CPU.Build.0 = Release|Any CPU
	EndGlobalSection
	GlobalSection(SolutionProperties) = preSolution
		HideSolutionNode = FALSE
	EndGlobalSection
	GlobalSection(ExtensibilityGlobals) = postSolution
		SolutionGuid = {68DA0BFA-C2E5-4B17-8033-9450200B55EB}
	EndGlobalSection
EndGlobal
